schema: '2.0'
stages:
  data_collection:
    cmd: python -m src.data.data_collection
    deps:
    - path: src/data/data_collection.py
      hash: md5
      md5: 9077b1951a6eccfbb07eb82192468fd0
      size: 1850
    params:
      params.yaml:
        data_collection.test_size: 0.4
    outs:
    - path: data/raw
      hash: md5
      md5: 598fdaf3fd92b430cec0f9e845268909.dir
      size: 522262
      nfiles: 2
  data_process:
    cmd: python -m src.data.data_processing
    deps:
    - path: data/raw
      hash: md5
      md5: 598fdaf3fd92b430cec0f9e845268909.dir
      size: 522262
      nfiles: 2
    - path: src/data/data_processing.py
      hash: md5
      md5: 791a46491e23f766064b129957d9dbf3
      size: 1334
    outs:
    - path: data/processed
      hash: md5
      md5: 866f9b76fc420371d54a5d04462b4ad9.dir
      size: 546388
      nfiles: 2
  model_build:
    cmd: python -m src.model.model_building
    deps:
    - path: data/processed
      hash: md5
      md5: 866f9b76fc420371d54a5d04462b4ad9.dir
      size: 546388
      nfiles: 2
    - path: src/data/data_collection.py
      hash: md5
      md5: 9077b1951a6eccfbb07eb82192468fd0
      size: 1850
    - path: src/model/model_building.py
      hash: md5
      md5: caeb57667c755ff94fa5257771b8c60b
      size: 1661
    params:
      params.yaml:
        model_building.n_estimators: 1000
    outs:
    - path: models/model.pkl
      hash: md5
      md5: 274a2432cce4711e6ccd066df4523efd
      size: 63660800
  model_eval:
    cmd: python src/model/model_evaluation.py
    deps:
    - path: models/model.pkl
      hash: md5
      md5: 274a2432cce4711e6ccd066df4523efd
      size: 63660800
    - path: src/model/model_evaluation.py
      hash: md5
      md5: cfd8331749dfcb7844cf673a62ef6f77
      size: 5726
    outs:
    - path: reports/metrics.json
      hash: md5
      md5: b65d3de2757eaeae1a3e89cbb24cf290
      size: 137
    - path: reports/run_info.json
      hash: md5
      md5: 69eba558943e7e0f47b6bd0f99f31748
      size: 123
  model_registration:
    cmd: python src/model/model_registry.py staging
    deps:
    - path: reports/metrics.json
      hash: md5
      md5: b65d3de2757eaeae1a3e89cbb24cf290
      size: 137
    - path: src/model/model_registry.py
      hash: md5
      md5: e137cacbfa108de3e5dc94bd782b96e8
      size: 11075
