schema: '2.0'
stages:
  data_collection:
    cmd: python -m src.data.data_collection
    deps:
    - path: src/data/data_collection.py
      hash: md5
      md5: 78d8325821e0715accef0e68af86d3b8
      size: 1874
    params:
      params.yaml:
        data_collection.test_size: 0.4
    outs:
    - path: data/raw
      hash: md5
      md5: 598fdaf3fd92b430cec0f9e845268909.dir
      size: 522262
      nfiles: 2
  data_process:
    cmd: python -m src.data.data_processing
    deps:
    - path: data/raw
      hash: md5
      md5: 598fdaf3fd92b430cec0f9e845268909.dir
      size: 522262
      nfiles: 2
    - path: src/data/data_processing.py
      hash: md5
      md5: 791a46491e23f766064b129957d9dbf3
      size: 1334
    outs:
    - path: data/processed
      hash: md5
      md5: 866f9b76fc420371d54a5d04462b4ad9.dir
      size: 546388
      nfiles: 2
  model_build:
    cmd: python -m src.model.model_building
    deps:
    - path: data/processed
      hash: md5
      md5: 866f9b76fc420371d54a5d04462b4ad9.dir
      size: 546388
      nfiles: 2
    - path: src/data/data_collection.py
      hash: md5
      md5: 78d8325821e0715accef0e68af86d3b8
      size: 1874
    - path: src/model/model_building.py
      hash: md5
      md5: caeb57667c755ff94fa5257771b8c60b
      size: 1661
    params:
      params.yaml:
        model_building.n_estimators: 1000
    outs:
    - path: models/model.pkl
      hash: md5
      md5: 54b655151dde7bbada2168a7a9ec8f03
      size: 63675538
  model_eval:
    cmd: python src/model/model_evaluation.py
    deps:
    - path: models/model.pkl
      hash: md5
      md5: 54b655151dde7bbada2168a7a9ec8f03
      size: 63675538
    - path: src/model/model_evaluation.py
      hash: md5
      md5: cfd8331749dfcb7844cf673a62ef6f77
      size: 5726
    outs:
    - path: reports/metrics.json
      hash: md5
      md5: f2b3e1dcd977a7405b0102df5372d815
      size: 138
    - path: reports/run_info.json
      hash: md5
      md5: 5139ff88ad2a56e5f199dbc254142e97
      size: 123
